
Microsoft Visual Studio Solution File, Format Version 12.00
# Visual Studio Version 17
VisualStudioVersion = 17.3.32804.467
MinimumVisualStudioVersion = 10.0.40219.1
Project("{FAE04EC0-301F-11D3-BF4B-00C04F79EFBC}") = "Library", "BusinessTier\Library.csproj", "{D47273B7-119A-4548-849F-36E68E24F22F}"
EndProject
Project("{FAE04EC0-301F-11D3-BF4B-00C04F79EFBC}") = "Winform", "Winform\Winform.csproj", "{308E8F73-3D67-48B7-8E00-C797EC0C2F5D}"
EndProject
Global
	GlobalSection(SolutionConfigurationPlatforms) = preSolution
		Debug|Any CPU = Debug|Any CPU
		Release|Any CPU = Release|Any CPU
	EndGlobalSection
	GlobalSection(ProjectConfigurationPlatforms) = postSolution
		{D47273B7-119A-4548-849F-36E68E24F22F}.Debug|Any CPU.ActiveCfg = Debug|Any CPU
		{D47273B7-119A-4548-849F-36E68E24F22F}.Debug|Any CPU.Build.0 = Debug|Any CPU
		{D47273B7-119A-4548-849F-36E68E24F22F}.Release|Any CPU.ActiveCfg = Release|Any CPU
		{D47273B7-119A-4548-849F-36E68E24F22F}.Release|Any CPU.Build.0 = Release|Any CPU
		{308E8F73-3D67-48B7-8E00-C797EC0C2F5D}.Debug|Any CPU.ActiveCfg = Debug|Any CPU
		{308E8F73-3D67-48B7-8E00-C797EC0C2F5D}.Debug|Any CPU.Build.0 = Debug|Any CPU
		{308E8F73-3D67-48B7-8E00-C797EC0C2F5D}.Release|Any CPU.ActiveCfg = Release|Any CPU
		{308E8F73-3D67-48B7-8E00-C797EC0C2F5D}.Release|Any CPU.Build.0 = Release|Any CPU
	EndGlobalSection
	GlobalSection(SolutionProperties) = preSolution
		HideSolutionNode = FALSE
	EndGlobalSection
	GlobalSection(ExtensibilityGlobals) = postSolution
		SolutionGuid = {FDB0039D-CE7D-418E-A15A-FCB431E0ECA2}
	EndGlobalSection
EndGlobal
